
Microsoft Visual Studio Solution File, Format Version 12.00
# Visual Studio Version 17
VisualStudioVersion = 17.3.32819.101
MinimumVisualStudioVersion = 10.0.40219.1
Project("{FAE04EC0-301F-11D3-BF4B-00C04F79EFBC}") = "Conditionals", "Conditionals\Conditionals.csproj", "{C9F22B44-9A31-4B58-9111-8F2C85CAFE97}"
EndProject
Project("{FAE04EC0-301F-11D3-BF4B-00C04F79EFBC}") = "Practical_2", "Practical_2\Practical_2.csproj", "{025B970C-053F-4D77-9887-640CB90CE90A}"
EndProject
Project("{FAE04EC0-301F-11D3-BF4B-00C04F79EFBC}") = "PossibleOutputTrue", "PossibleOutputTrue\PossibleOutputTrue.csproj", "{CA5B64E0-E0FC-40F9-A206-7BC324DDD4A0}"
EndProject
Global
	GlobalSection(SolutionConfigurationPlatforms) = preSolution
		Debug|Any CPU = Debug|Any CPU
		Release|Any CPU = Release|Any CPU
	EndGlobalSection
	GlobalSection(ProjectConfigurationPlatforms) = postSolution
		{C9F22B44-9A31-4B58-9111-8F2C85CAFE97}.Debug|Any CPU.ActiveCfg = Debug|Any CPU
		{C9F22B44-9A31-4B58-9111-8F2C85CAFE97}.Debug|Any CPU.Build.0 = Debug|Any CPU
		{C9F22B44-9A31-4B58-9111-8F2C85CAFE97}.Release|Any CPU.ActiveCfg = Release|Any CPU
		{C9F22B44-9A31-4B58-9111-8F2C85CAFE97}.Release|Any CPU.Build.0 = Release|Any CPU
		{025B970C-053F-4D77-9887-640CB90CE90A}.Debug|Any CPU.ActiveCfg = Debug|Any CPU
		{025B970C-053F-4D77-9887-640CB90CE90A}.Debug|Any CPU.Build.0 = Debug|Any CPU
		{025B970C-053F-4D77-9887-640CB90CE90A}.Release|Any CPU.ActiveCfg = Release|Any CPU
		{025B970C-053F-4D77-9887-640CB90CE90A}.Release|Any CPU.Build.0 = Release|Any CPU
		{CA5B64E0-E0FC-40F9-A206-7BC324DDD4A0}.Debug|Any CPU.ActiveCfg = Debug|Any CPU
		{CA5B64E0-E0FC-40F9-A206-7BC324DDD4A0}.Debug|Any CPU.Build.0 = Debug|Any CPU
		{CA5B64E0-E0FC-40F9-A206-7BC324DDD4A0}.Release|Any CPU.ActiveCfg = Release|Any CPU
		{CA5B64E0-E0FC-40F9-A206-7BC324DDD4A0}.Release|Any CPU.Build.0 = Release|Any CPU
	EndGlobalSection
	GlobalSection(SolutionProperties) = preSolution
		HideSolutionNode = FALSE
	EndGlobalSection
	GlobalSection(ExtensibilityGlobals) = postSolution
		SolutionGuid = {ED081C53-A1CB-42A3-8A45-DC150E8346A8}
	EndGlobalSection
EndGlobal
